
Microsoft Visual Studio Solution File, Format Version 12.00
Project("{FAE04EC0-301F-11D3-BF4B-00C04F79EFBC}") = "SignalRApp.Web", "SignalRApp.Web\SignalRApp.Web.csproj", "{D8613DA9-7809-4957-A2B2-783425560659}"
EndProject
Project("{FAE04EC0-301F-11D3-BF4B-00C04F79EFBC}") = "SignalRApp.Business", "SignalRApp.Business\SignalRApp.Business.csproj", "{0701BD72-AC6C-4109-8A1A-F2B88A103FE4}"
EndProject
Project("{FAE04EC0-301F-11D3-BF4B-00C04F79EFBC}") = "SignalRApp.Data", "SignalRApp.Data\SignalRApp.Data.csproj", "{90E1B4F3-F0AA-49D4-B799-85423FF750DF}"
EndProject
Global
	GlobalSection(SolutionConfigurationPlatforms) = preSolution
		Debug|Any CPU = Debug|Any CPU
		Release|Any CPU = Release|Any CPU
	EndGlobalSection
	GlobalSection(ProjectConfigurationPlatforms) = postSolution
		{D8613DA9-7809-4957-A2B2-783425560659}.Debug|Any CPU.ActiveCfg = Debug|Any CPU
		{D8613DA9-7809-4957-A2B2-783425560659}.Debug|Any CPU.Build.0 = Debug|Any CPU
		{D8613DA9-7809-4957-A2B2-783425560659}.Release|Any CPU.ActiveCfg = Release|Any CPU
		{D8613DA9-7809-4957-A2B2-783425560659}.Release|Any CPU.Build.0 = Release|Any CPU
		{0701BD72-AC6C-4109-8A1A-F2B88A103FE4}.Debug|Any CPU.ActiveCfg = Debug|Any CPU
		{0701BD72-AC6C-4109-8A1A-F2B88A103FE4}.Debug|Any CPU.Build.0 = Debug|Any CPU
		{0701BD72-AC6C-4109-8A1A-F2B88A103FE4}.Release|Any CPU.ActiveCfg = Release|Any CPU
		{0701BD72-AC6C-4109-8A1A-F2B88A103FE4}.Release|Any CPU.Build.0 = Release|Any CPU
		{90E1B4F3-F0AA-49D4-B799-85423FF750DF}.Debug|Any CPU.ActiveCfg = Debug|Any CPU
		{90E1B4F3-F0AA-49D4-B799-85423FF750DF}.Debug|Any CPU.Build.0 = Debug|Any CPU
		{90E1B4F3-F0AA-49D4-B799-85423FF750DF}.Release|Any CPU.ActiveCfg = Release|Any CPU
		{90E1B4F3-F0AA-49D4-B799-85423FF750DF}.Release|Any CPU.Build.0 = Release|Any CPU
	EndGlobalSection
EndGlobal
